
Microsoft Visual Studio Solution File, Format Version 12.00
# Visual Studio Version 17
VisualStudioVersion = 17.8.34408.163
MinimumVisualStudioVersion = 10.0.40219.1
Project("{FAE04EC0-301F-11D3-BF4B-00C04F79EFBC}") = "Order.API", "Order.API\Order.API.csproj", "{36251700-BB7F-45F1-87E7-D1BAB9CD5018}"
EndProject
Project("{FAE04EC0-301F-11D3-BF4B-00C04F79EFBC}") = "Payment.API", "Payment.API\Payment.API.csproj", "{03422D40-374A-4D6E-A4C4-4B662D417EBF}"
EndProject
Project("{FAE04EC0-301F-11D3-BF4B-00C04F79EFBC}") = "Stock.API", "Stock.API\Stock.API.csproj", "{D6A4EAE3-9398-4EA9-97CC-7C9AECC1EB05}"
EndProject
Project("{FAE04EC0-301F-11D3-BF4B-00C04F79EFBC}") = "Shared", "Shared\Shared.csproj", "{1C2368FF-C976-46BA-9864-9BB49960DAA4}"
EndProject
Project("{FAE04EC0-301F-11D3-BF4B-00C04F79EFBC}") = "SagaStateMachine.Service", "SagaStateMachine.Service\SagaStateMachine.Service.csproj", "{4965EDF5-8D80-47D0-B23A-DBC62620676A}"
EndProject
Global
	GlobalSection(SolutionConfigurationPlatforms) = preSolution
		Debug|Any CPU = Debug|Any CPU
		Release|Any CPU = Release|Any CPU
	EndGlobalSection
	GlobalSection(ProjectConfigurationPlatforms) = postSolution
		{36251700-BB7F-45F1-87E7-D1BAB9CD5018}.Debug|Any CPU.ActiveCfg = Debug|Any CPU
		{36251700-BB7F-45F1-87E7-D1BAB9CD5018}.Debug|Any CPU.Build.0 = Debug|Any CPU
		{36251700-BB7F-45F1-87E7-D1BAB9CD5018}.Release|Any CPU.ActiveCfg = Release|Any CPU
		{36251700-BB7F-45F1-87E7-D1BAB9CD5018}.Release|Any CPU.Build.0 = Release|Any CPU
		{03422D40-374A-4D6E-A4C4-4B662D417EBF}.Debug|Any CPU.ActiveCfg = Debug|Any CPU
		{03422D40-374A-4D6E-A4C4-4B662D417EBF}.Debug|Any CPU.Build.0 = Debug|Any CPU
		{03422D40-374A-4D6E-A4C4-4B662D417EBF}.Release|Any CPU.ActiveCfg = Release|Any CPU
		{03422D40-374A-4D6E-A4C4-4B662D417EBF}.Release|Any CPU.Build.0 = Release|Any CPU
		{D6A4EAE3-9398-4EA9-97CC-7C9AECC1EB05}.Debug|Any CPU.ActiveCfg = Debug|Any CPU
		{D6A4EAE3-9398-4EA9-97CC-7C9AECC1EB05}.Debug|Any CPU.Build.0 = Debug|Any CPU
		{D6A4EAE3-9398-4EA9-97CC-7C9AECC1EB05}.Release|Any CPU.ActiveCfg = Release|Any CPU
		{D6A4EAE3-9398-4EA9-97CC-7C9AECC1EB05}.Release|Any CPU.Build.0 = Release|Any CPU
		{1C2368FF-C976-46BA-9864-9BB49960DAA4}.Debug|Any CPU.ActiveCfg = Debug|Any CPU
		{1C2368FF-C976-46BA-9864-9BB49960DAA4}.Debug|Any CPU.Build.0 = Debug|Any CPU
		{1C2368FF-C976-46BA-9864-9BB49960DAA4}.Release|Any CPU.ActiveCfg = Release|Any CPU
		{1C2368FF-C976-46BA-9864-9BB49960DAA4}.Release|Any CPU.Build.0 = Release|Any CPU
		{4965EDF5-8D80-47D0-B23A-DBC62620676A}.Debug|Any CPU.ActiveCfg = Debug|Any CPU
		{4965EDF5-8D80-47D0-B23A-DBC62620676A}.Debug|Any CPU.Build.0 = Debug|Any CPU
		{4965EDF5-8D80-47D0-B23A-DBC62620676A}.Release|Any CPU.ActiveCfg = Release|Any CPU
		{4965EDF5-8D80-47D0-B23A-DBC62620676A}.Release|Any CPU.Build.0 = Release|Any CPU
	EndGlobalSection
	GlobalSection(SolutionProperties) = preSolution
		HideSolutionNode = FALSE
	EndGlobalSection
	GlobalSection(ExtensibilityGlobals) = postSolution
		SolutionGuid = {4FF27FA7-C65C-41FC-ABC2-FCC863D6B33E}
	EndGlobalSection
EndGlobal
